
Microsoft Visual Studio Solution File, Format Version 12.00
# Visual Studio Version 17
VisualStudioVersion = 17.4.33103.184
MinimumVisualStudioVersion = 10.0.40219.1
Project("{FAE04EC0-301F-11D3-BF4B-00C04F79EFBC}") = "EncryptionCaesar", "EncryptionCaesar\EncryptionCaesar.csproj", "{BEC92487-9107-4AE0-987C-D3D54E9D4EEF}"
EndProject
Global
	GlobalSection(SolutionConfigurationPlatforms) = preSolution
		Debug|Any CPU = Debug|Any CPU
		Release|Any CPU = Release|Any CPU
	EndGlobalSection
	GlobalSection(ProjectConfigurationPlatforms) = postSolution
		{BEC92487-9107-4AE0-987C-D3D54E9D4EEF}.Debug|Any CPU.ActiveCfg = Debug|Any CPU
		{BEC92487-9107-4AE0-987C-D3D54E9D4EEF}.Debug|Any CPU.Build.0 = Debug|Any CPU
		{BEC92487-9107-4AE0-987C-D3D54E9D4EEF}.Release|Any CPU.ActiveCfg = Release|Any CPU
		{BEC92487-9107-4AE0-987C-D3D54E9D4EEF}.Release|Any CPU.Build.0 = Release|Any CPU
	EndGlobalSection
	GlobalSection(SolutionProperties) = preSolution
		HideSolutionNode = FALSE
	EndGlobalSection
	GlobalSection(ExtensibilityGlobals) = postSolution
		SolutionGuid = {5D8965ED-6BBF-4D03-988B-80B544275656}
	EndGlobalSection
EndGlobal
